// !$*UTF8*$!
{
	archiveVersion = 1;
	classes = {
	};
	objectVersion = 52;
	objects = {

/* Begin PBXBuildFile section */
		71062E542595A35B00E655EE /* AppDelegate.swift in Sources */ = {isa = PBXBuildFile; fileRef = 71062E532595A35B00E655EE /* AppDelegate.swift */; };
		71062E562595A35B00E655EE /* SceneDelegate.swift in Sources */ = {isa = PBXBuildFile; fileRef = 71062E552595A35B00E655EE /* SceneDelegate.swift */; };
		71062E5D2595A35D00E655EE /* Assets.xcassets in Resources */ = {isa = PBXBuildFile; fileRef = 71062E5C2595A35D00E655EE /* Assets.xcassets */; };
		71062E602595A35D00E655EE /* LaunchScreen.storyboard in Resources */ = {isa = PBXBuildFile; fileRef = 71062E5E2595A35D00E655EE /* LaunchScreen.storyboard */; };
		71062E6E2595A45F00E655EE /* TodosViewController.swift in Sources */ = {isa = PBXBuildFile; fileRef = 71062E6D2595A45F00E655EE /* TodosViewController.swift */; };
		71062E722595A46F00E655EE /* TodosViewController.storyboard in Resources */ = {isa = PBXBuildFile; fileRef = 71062E712595A46F00E655EE /* TodosViewController.storyboard */; };
		71062E782595A59A00E655EE /* UserDefaultsProvider.swift in Sources */ = {isa = PBXBuildFile; fileRef = 71062E772595A59A00E655EE /* UserDefaultsProvider.swift */; };
		71062E7E2595AA5400E655EE /* Todo.swift in Sources */ = {isa = PBXBuildFile; fileRef = 71062E7D2595AA5400E655EE /* Todo.swift */; };
		71062E832595AAB200E655EE /* TodosModel.swift in Sources */ = {isa = PBXBuildFile; fileRef = 71062E822595AAB200E655EE /* TodosModel.swift */; };
		71062E872595ABC700E655EE /* Todos.swift in Sources */ = {isa = PBXBuildFile; fileRef = 71062E862595ABC700E655EE /* Todos.swift */; };
		71062E9C2595AF7B00E655EE /* TodosTests.swift in Sources */ = {isa = PBXBuildFile; fileRef = 71062E9B2595AF7B00E655EE /* TodosTests.swift */; };
		71062EA425961E7900E655EE /* MockUserDefaultsProvider.swift in Sources */ = {isa = PBXBuildFile; fileRef = 71062EA325961E7900E655EE /* MockUserDefaultsProvider.swift */; };
		71062EAA25962AA300E655EE /* TodosModelTests.swift in Sources */ = {isa = PBXBuildFile; fileRef = 71062EA925962AA300E655EE /* TodosModelTests.swift */; };
		71062EAF259637EA00E655EE /* TodosModelReceiver.swift in Sources */ = {isa = PBXBuildFile; fileRef = 71062EAE259637EA00E655EE /* TodosModelReceiver.swift */; };
		7117867F25A2A51C0087031E /* TodoModelReceiver.swift in Sources */ = {isa = PBXBuildFile; fileRef = 7117867E25A2A51C0087031E /* TodoModelReceiver.swift */; };
		7117868525A2A5740087031E /* TodoModelTests.swift in Sources */ = {isa = PBXBuildFile; fileRef = 7117868425A2A5740087031E /* TodoModelTests.swift */; };
		7117868B25A2CD0D0087031E /* IQKeyboardManagerSwift in Frameworks */ = {isa = PBXBuildFile; productRef = 7117868A25A2CD0D0087031E /* IQKeyboardManagerSwift */; };
		715E533025994A3F005A127A /* TodosCell.swift in Sources */ = {isa = PBXBuildFile; fileRef = 715E532E25994A3F005A127A /* TodosCell.swift */; };
		715E533125994A3F005A127A /* TodosCell.xib in Resources */ = {isa = PBXBuildFile; fileRef = 715E532F25994A3F005A127A /* TodosCell.xib */; };
		715E5338259965F6005A127A /* AddTodoViewController.swift in Sources */ = {isa = PBXBuildFile; fileRef = 715E5337259965F6005A127A /* AddTodoViewController.swift */; };
		715E533C25996615005A127A /* AddTodoViewController.storyboard in Resources */ = {isa = PBXBuildFile; fileRef = 715E533B25996615005A127A /* AddTodoViewController.storyboard */; };
		715E534225996C0D005A127A /* PlaceholderTextView.swift in Sources */ = {isa = PBXBuildFile; fileRef = 715E534125996C0D005A127A /* PlaceholderTextView.swift */; };
		715E534825996DCA005A127A /* AddTodoModel.swift in Sources */ = {isa = PBXBuildFile; fileRef = 715E534725996DCA005A127A /* AddTodoModel.swift */; };
		715E534D2599AA73005A127A /* AddTodoModelReceiver.swift in Sources */ = {isa = PBXBuildFile; fileRef = 715E534C2599AA73005A127A /* AddTodoModelReceiver.swift */; };
		715E53532599AAE5005A127A /* AddTodoModelTests.swift in Sources */ = {isa = PBXBuildFile; fileRef = 715E53522599AAE5005A127A /* AddTodoModelTests.swift */; };
		715E53582599AF89005A127A /* TodoViewController.swift in Sources */ = {isa = PBXBuildFile; fileRef = 715E53572599AF89005A127A /* TodoViewController.swift */; };
		715E535C2599AFA2005A127A /* TodoViewController.storyboard in Resources */ = {isa = PBXBuildFile; fileRef = 715E535B2599AFA2005A127A /* TodoViewController.storyboard */; };
		715E53602599BC8A005A127A /* TodoModel.swift in Sources */ = {isa = PBXBuildFile; fileRef = 715E535F2599BC8A005A127A /* TodoModel.swift */; };
/* End PBXBuildFile section */

/* Begin PBXContainerItemProxy section */
		71062E922595AF4600E655EE /* PBXContainerItemProxy */ = {
			isa = PBXContainerItemProxy;
			containerPortal = 71062E482595A35B00E655EE /* Project object */;
			proxyType = 1;
			remoteGlobalIDString = 71062E4F2595A35B00E655EE;
			remoteInfo = LightTODO;
		};
/* End PBXContainerItemProxy section */

/* Begin PBXFileReference section */
		71062E502595A35B00E655EE /* LightTODO.app */ = {isa = PBXFileReference; explicitFileType = wrapper.application; includeInIndex = 0; path = LightTODO.app; sourceTree = BUILT_PRODUCTS_DIR; };
		71062E532595A35B00E655EE /* AppDelegate.swift */ = {isa = PBXFileReference; lastKnownFileType = sourcecode.swift; path = AppDelegate.swift; sourceTree = "<group>"; };
		71062E552595A35B00E655EE /* SceneDelegate.swift */ = {isa = PBXFileReference; lastKnownFileType = sourcecode.swift; path = SceneDelegate.swift; sourceTree = "<group>"; };
		71062E5C2595A35D00E655EE /* Assets.xcassets */ = {isa = PBXFileReference; lastKnownFileType = folder.assetcatalog; path = Assets.xcassets; sourceTree = "<group>"; };
		71062E5F2595A35D00E655EE /* Base */ = {isa = PBXFileReference; lastKnownFileType = file.storyboard; name = Base; path = Base.lproj/LaunchScreen.storyboard; sourceTree = "<group>"; };
		71062E612595A35D00E655EE /* Info.plist */ = {isa = PBXFileReference; lastKnownFileType = text.plist.xml; path = Info.plist; sourceTree = "<group>"; };
		71062E6D2595A45F00E655EE /* TodosViewController.swift */ = {isa = PBXFileReference; lastKnownFileType = sourcecode.swift; path = TodosViewController.swift; sourceTree = "<group>"; };
		71062E712595A46F00E655EE /* TodosViewController.storyboard */ = {isa = PBXFileReference; lastKnownFileType = file.storyboard; path = TodosViewController.storyboard; sourceTree = "<group>"; };
		71062E772595A59A00E655EE /* UserDefaultsProvider.swift */ = {isa = PBXFileReference; lastKnownFileType = sourcecode.swift; path = UserDefaultsProvider.swift; sourceTree = "<group>"; };
		71062E7D2595AA5400E655EE /* Todo.swift */ = {isa = PBXFileReference; lastKnownFileType = sourcecode.swift; path = Todo.swift; sourceTree = "<group>"; };
		71062E822595AAB200E655EE /* TodosModel.swift */ = {isa = PBXFileReference; lastKnownFileType = sourcecode.swift; path = TodosModel.swift; sourceTree = "<group>"; };
		71062E862595ABC700E655EE /* Todos.swift */ = {isa = PBXFileReference; lastKnownFileType = sourcecode.swift; path = Todos.swift; sourceTree = "<group>"; };
		71062E8D2595AF4600E655EE /* LightTODOTests.xctest */ = {isa = PBXFileReference; explicitFileType = wrapper.cfbundle; includeInIndex = 0; path = LightTODOTests.xctest; sourceTree = BUILT_PRODUCTS_DIR; };
		71062E912595AF4600E655EE /* Info.plist */ = {isa = PBXFileReference; lastKnownFileType = text.plist.xml; path = Info.plist; sourceTree = "<group>"; };
		71062E9B2595AF7B00E655EE /* TodosTests.swift */ = {isa = PBXFileReference; lastKnownFileType = sourcecode.swift; path = TodosTests.swift; sourceTree = "<group>"; };
		71062EA325961E7900E655EE /* MockUserDefaultsProvider.swift */ = {isa = PBXFileReference; lastKnownFileType = sourcecode.swift; path = MockUserDefaultsProvider.swift; sourceTree = "<group>"; };
		71062EA925962AA300E655EE /* TodosModelTests.swift */ = {isa = PBXFileReference; lastKnownFileType = sourcecode.swift; path = TodosModelTests.swift; sourceTree = "<group>"; };
		71062EAE259637EA00E655EE /* TodosModelReceiver.swift */ = {isa = PBXFileReference; lastKnownFileType = sourcecode.swift; path = TodosModelReceiver.swift; sourceTree = "<group>"; };
		7117867E25A2A51C0087031E /* TodoModelReceiver.swift */ = {isa = PBXFileReference; lastKnownFileType = sourcecode.swift; path = TodoModelReceiver.swift; sourceTree = "<group>"; };
		7117868425A2A5740087031E /* TodoModelTests.swift */ = {isa = PBXFileReference; lastKnownFileType = sourcecode.swift; path = TodoModelTests.swift; sourceTree = "<group>"; };
		715E532E25994A3F005A127A /* TodosCell.swift */ = {isa = PBXFileReference; lastKnownFileType = sourcecode.swift; path = TodosCell.swift; sourceTree = "<group>"; };
		715E532F25994A3F005A127A /* TodosCell.xib */ = {isa = PBXFileReference; lastKnownFileType = file.xib; path = TodosCell.xib; sourceTree = "<group>"; };
		715E5337259965F6005A127A /* AddTodoViewController.swift */ = {isa = PBXFileReference; lastKnownFileType = sourcecode.swift; path = AddTodoViewController.swift; sourceTree = "<group>"; };
		715E533B25996615005A127A /* AddTodoViewController.storyboard */ = {isa = PBXFileReference; lastKnownFileType = file.storyboard; path = AddTodoViewController.storyboard; sourceTree = "<group>"; };
		715E534125996C0D005A127A /* PlaceholderTextView.swift */ = {isa = PBXFileReference; lastKnownFileType = sourcecode.swift; path = PlaceholderTextView.swift; sourceTree = "<group>"; };
		715E534725996DCA005A127A /* AddTodoModel.swift */ = {isa = PBXFileReference; lastKnownFileType = sourcecode.swift; path = AddTodoModel.swift; sourceTree = "<group>"; };
		715E534C2599AA73005A127A /* AddTodoModelReceiver.swift */ = {isa = PBXFileReference; lastKnownFileType = sourcecode.swift; path = AddTodoModelReceiver.swift; sourceTree = "<group>"; };
		715E53522599AAE5005A127A /* AddTodoModelTests.swift */ = {isa = PBXFileReference; lastKnownFileType = sourcecode.swift; path = AddTodoModelTests.swift; sourceTree = "<group>"; };
		715E53572599AF89005A127A /* TodoViewController.swift */ = {isa = PBXFileReference; lastKnownFileType = sourcecode.swift; path = TodoViewController.swift; sourceTree = "<group>"; };
		715E535B2599AFA2005A127A /* TodoViewController.storyboard */ = {isa = PBXFileReference; lastKnownFileType = file.storyboard; path = TodoViewController.storyboard; sourceTree = "<group>"; };
		715E535F2599BC8A005A127A /* TodoModel.swift */ = {isa = PBXFileReference; lastKnownFileType = sourcecode.swift; path = TodoModel.swift; sourceTree = "<group>"; };
/* End PBXFileReference section */

/* Begin PBXFrameworksBuildPhase section */
		71062E4D2595A35B00E655EE /* Frameworks */ = {
			isa = PBXFrameworksBuildPhase;
			buildActionMask = 2147483647;
			files = (
				7117868B25A2CD0D0087031E /* IQKeyboardManagerSwift in Frameworks */,
			);
			runOnlyForDeploymentPostprocessing = 0;
		};
		71062E8A2595AF4600E655EE /* Frameworks */ = {
			isa = PBXFrameworksBuildPhase;
			buildActionMask = 2147483647;
			files = (
			);
			runOnlyForDeploymentPostprocessing = 0;
		};
/* End PBXFrameworksBuildPhase section */

/* Begin PBXGroup section */
		71062E472595A35B00E655EE = {
			isa = PBXGroup;
			children = (
				71062E522595A35B00E655EE /* LightTODO */,
				71062E8E2595AF4600E655EE /* LightTODOTests */,
				71062E512595A35B00E655EE /* Products */,
			);
			sourceTree = "<group>";
		};
		71062E512595A35B00E655EE /* Products */ = {
			isa = PBXGroup;
			children = (
				71062E502595A35B00E655EE /* LightTODO.app */,
				71062E8D2595AF4600E655EE /* LightTODOTests.xctest */,
			);
			name = Products;
			sourceTree = "<group>";
		};
		71062E522595A35B00E655EE /* LightTODO */ = {
			isa = PBXGroup;
			children = (
				71062E532595A35B00E655EE /* AppDelegate.swift */,
				71062E552595A35B00E655EE /* SceneDelegate.swift */,
				71062E742595A56B00E655EE /* Data */,
				71062E812595AAA400E655EE /* Model */,
				71062E6C2595A44700E655EE /* ViewController */,
				715E533F25996BF6005A127A /* Common */,
				71062E5C2595A35D00E655EE /* Assets.xcassets */,
				71062E5E2595A35D00E655EE /* LaunchScreen.storyboard */,
				71062E612595A35D00E655EE /* Info.plist */,
			);
			path = LightTODO;
			sourceTree = "<group>";
		};
		71062E6C2595A44700E655EE /* ViewController */ = {
			isa = PBXGroup;
			children = (
				715E5336259965E4005A127A /* AddTodo */,
				715E53562599AF79005A127A /* Todo */,
				71062E702595A46200E655EE /* Todos */,
			);
			path = ViewController;
			sourceTree = "<group>";
		};
		71062E702595A46200E655EE /* Todos */ = {
			isa = PBXGroup;
			children = (
				71062E6D2595A45F00E655EE /* TodosViewController.swift */,
				71062E712595A46F00E655EE /* TodosViewController.storyboard */,
				715E532D25994A2D005A127A /* Cell */,
			);
			path = Todos;
			sourceTree = "<group>";
		};
		71062E742595A56B00E655EE /* Data */ = {
			isa = PBXGroup;
			children = (
				71062E7C2595AA4000E655EE /* Entity */,
				71062E762595A57F00E655EE /* Database */,
			);
			path = Data;
			sourceTree = "<group>";
		};
		71062E762595A57F00E655EE /* Database */ = {
			isa = PBXGroup;
			children = (
				71062E772595A59A00E655EE /* UserDefaultsProvider.swift */,
			);
			path = Database;
			sourceTree = "<group>";
		};
		71062E7C2595AA4000E655EE /* Entity */ = {
			isa = PBXGroup;
			children = (
				71062E862595ABC700E655EE /* Todos.swift */,
				71062E7D2595AA5400E655EE /* Todo.swift */,
			);
			path = Entity;
			sourceTree = "<group>";
		};
		71062E812595AAA400E655EE /* Model */ = {
			isa = PBXGroup;
			children = (
				715E534725996DCA005A127A /* AddTodoModel.swift */,
				715E535F2599BC8A005A127A /* TodoModel.swift */,
				71062E822595AAB200E655EE /* TodosModel.swift */,
			);
			path = Model;
			sourceTree = "<group>";
		};
		71062E8E2595AF4600E655EE /* LightTODOTests */ = {
			isa = PBXGroup;
			children = (
				71062E992595AF5000E655EE /* Data */,
				71062EA125961B0D00E655EE /* Model */,
				71062E912595AF4600E655EE /* Info.plist */,
			);
			path = LightTODOTests;
			sourceTree = "<group>";
		};
		71062E992595AF5000E655EE /* Data */ = {
			isa = PBXGroup;
			children = (
				71062EA225961E4100E655EE /* Database */,
				71062E9A2595AF5800E655EE /* Entity */,
			);
			path = Data;
			sourceTree = "<group>";
		};
		71062E9A2595AF5800E655EE /* Entity */ = {
			isa = PBXGroup;
			children = (
				71062E9B2595AF7B00E655EE /* TodosTests.swift */,
			);
			path = Entity;
			sourceTree = "<group>";
		};
		71062EA125961B0D00E655EE /* Model */ = {
			isa = PBXGroup;
			children = (
				715E534B2599AA64005A127A /* AddTodo */,
				7117867D25A2A50E0087031E /* Todo */,
				71062EAD259637DA00E655EE /* Todos */,
			);
			path = Model;
			sourceTree = "<group>";
		};
		71062EA225961E4100E655EE /* Database */ = {
			isa = PBXGroup;
			children = (
				71062EA325961E7900E655EE /* MockUserDefaultsProvider.swift */,
			);
			path = Database;
			sourceTree = "<group>";
		};
		71062EAD259637DA00E655EE /* Todos */ = {
			isa = PBXGroup;
			children = (
				71062EA925962AA300E655EE /* TodosModelTests.swift */,
				71062EAE259637EA00E655EE /* TodosModelReceiver.swift */,
			);
			path = Todos;
			sourceTree = "<group>";
		};
		7117867D25A2A50E0087031E /* Todo */ = {
			isa = PBXGroup;
			children = (
				7117867E25A2A51C0087031E /* TodoModelReceiver.swift */,
				7117868425A2A5740087031E /* TodoModelTests.swift */,
			);
			path = Todo;
			sourceTree = "<group>";
		};
		715E532D25994A2D005A127A /* Cell */ = {
			isa = PBXGroup;
			children = (
				715E532E25994A3F005A127A /* TodosCell.swift */,
				715E532F25994A3F005A127A /* TodosCell.xib */,
			);
			path = Cell;
			sourceTree = "<group>";
		};
		715E5336259965E4005A127A /* AddTodo */ = {
			isa = PBXGroup;
			children = (
				715E5337259965F6005A127A /* AddTodoViewController.swift */,
				715E533B25996615005A127A /* AddTodoViewController.storyboard */,
			);
			path = AddTodo;
			sourceTree = "<group>";
		};
		715E533F25996BF6005A127A /* Common */ = {
			isa = PBXGroup;
			children = (
				715E534025996BFE005A127A /* View */,
			);
			path = Common;
			sourceTree = "<group>";
		};
		715E534025996BFE005A127A /* View */ = {
			isa = PBXGroup;
			children = (
				715E534125996C0D005A127A /* PlaceholderTextView.swift */,
			);
			path = View;
			sourceTree = "<group>";
		};
		715E534B2599AA64005A127A /* AddTodo */ = {
			isa = PBXGroup;
			children = (
				715E534C2599AA73005A127A /* AddTodoModelReceiver.swift */,
				715E53522599AAE5005A127A /* AddTodoModelTests.swift */,
			);
			path = AddTodo;
			sourceTree = "<group>";
		};
		715E53562599AF79005A127A /* Todo */ = {
			isa = PBXGroup;
			children = (
				715E53572599AF89005A127A /* TodoViewController.swift */,
				715E535B2599AFA2005A127A /* TodoViewController.storyboard */,
			);
			path = Todo;
			sourceTree = "<group>";
		};
/* End PBXGroup section */

/* Begin PBXNativeTarget section */
		71062E4F2595A35B00E655EE /* LightTODO */ = {
			isa = PBXNativeTarget;
			buildConfigurationList = 71062E642595A35D00E655EE /* Build configuration list for PBXNativeTarget "LightTODO" */;
			buildPhases = (
				71062E4C2595A35B00E655EE /* Sources */,
				71062E4D2595A35B00E655EE /* Frameworks */,
				71062E4E2595A35B00E655EE /* Resources */,
			);
			buildRules = (
			);
			dependencies = (
			);
			name = LightTODO;
			packageProductDependencies = (
				7117868A25A2CD0D0087031E /* IQKeyboardManagerSwift */,
			);
			productName = LightTODO;
			productReference = 71062E502595A35B00E655EE /* LightTODO.app */;
			productType = "com.apple.product-type.application";
		};
		71062E8C2595AF4600E655EE /* LightTODOTests */ = {
			isa = PBXNativeTarget;
			buildConfigurationList = 71062E942595AF4600E655EE /* Build configuration list for PBXNativeTarget "LightTODOTests" */;
			buildPhases = (
				71062E892595AF4600E655EE /* Sources */,
				71062E8A2595AF4600E655EE /* Frameworks */,
				71062E8B2595AF4600E655EE /* Resources */,
			);
			buildRules = (
			);
			dependencies = (
				71062E932595AF4600E655EE /* PBXTargetDependency */,
			);
			name = LightTODOTests;
			productName = LightTODOTests;
			productReference = 71062E8D2595AF4600E655EE /* LightTODOTests.xctest */;
			productType = "com.apple.product-type.bundle.unit-test";
		};
/* End PBXNativeTarget section */

/* Begin PBXProject section */
		71062E482595A35B00E655EE /* Project object */ = {
			isa = PBXProject;
			attributes = {
				LastSwiftUpdateCheck = 1210;
				LastUpgradeCheck = 1210;
				TargetAttributes = {
					71062E4F2595A35B00E655EE = {
						CreatedOnToolsVersion = 12.1;
					};
					71062E8C2595AF4600E655EE = {
						CreatedOnToolsVersion = 12.1;
						TestTargetID = 71062E4F2595A35B00E655EE;
					};
				};
			};
			buildConfigurationList = 71062E4B2595A35B00E655EE /* Build configuration list for PBXProject "LightTODO" */;
			compatibilityVersion = "Xcode 9.3";
			developmentRegion = en;
			hasScannedForEncodings = 0;
			knownRegions = (
				en,
				Base,
			);
			mainGroup = 71062E472595A35B00E655EE;
			packageReferences = (
				7117868925A2CD0D0087031E /* XCRemoteSwiftPackageReference "IQKeyboardManager" */,
			);
			productRefGroup = 71062E512595A35B00E655EE /* Products */;
			projectDirPath = "";
			projectRoot = "";
			targets = (
				71062E4F2595A35B00E655EE /* LightTODO */,
				71062E8C2595AF4600E655EE /* LightTODOTests */,
			);
		};
/* End PBXProject section */

/* Begin PBXResourcesBuildPhase section */
		71062E4E2595A35B00E655EE /* Resources */ = {
			isa = PBXResourcesBuildPhase;
			buildActionMask = 2147483647;
			files = (
				71062E722595A46F00E655EE /* TodosViewController.storyboard in Resources */,
				71062E602595A35D00E655EE /* LaunchScreen.storyboard in Resources */,
				71062E5D2595A35D00E655EE /* Assets.xcassets in Resources */,
				715E535C2599AFA2005A127A /* TodoViewController.storyboard in Resources */,
				715E533C25996615005A127A /* AddTodoViewController.storyboard in Resources */,
				715E533125994A3F005A127A /* TodosCell.xib in Resources */,
			);
			runOnlyForDeploymentPostprocessing = 0;
		};
		71062E8B2595AF4600E655EE /* Resources */ = {
			isa = PBXResourcesBuildPhase;
			buildActionMask = 2147483647;
			files = (
			);
			runOnlyForDeploymentPostprocessing = 0;
		};
/* End PBXResourcesBuildPhase section */

/* Begin PBXSourcesBuildPhase section */
		71062E4C2595A35B00E655EE /* Sources */ = {
			isa = PBXSourcesBuildPhase;
			buildActionMask = 2147483647;
			files = (
				71062E542595A35B00E655EE /* AppDelegate.swift in Sources */,
				71062E832595AAB200E655EE /* TodosModel.swift in Sources */,
				71062E6E2595A45F00E655EE /* TodosViewController.swift in Sources */,
				715E533025994A3F005A127A /* TodosCell.swift in Sources */,
				715E53582599AF89005A127A /* TodoViewController.swift in Sources */,
				715E5338259965F6005A127A /* AddTodoViewController.swift in Sources */,
				71062E562595A35B00E655EE /* SceneDelegate.swift in Sources */,
				715E534825996DCA005A127A /* AddTodoModel.swift in Sources */,
				71062E782595A59A00E655EE /* UserDefaultsProvider.swift in Sources */,
				715E53602599BC8A005A127A /* TodoModel.swift in Sources */,
				71062E7E2595AA5400E655EE /* Todo.swift in Sources */,
				71062E872595ABC700E655EE /* Todos.swift in Sources */,
				715E534225996C0D005A127A /* PlaceholderTextView.swift in Sources */,
			);
			runOnlyForDeploymentPostprocessing = 0;
		};
		71062E892595AF4600E655EE /* Sources */ = {
			isa = PBXSourcesBuildPhase;
			buildActionMask = 2147483647;
			files = (
				71062EAA25962AA300E655EE /* TodosModelTests.swift in Sources */,
				7117868525A2A5740087031E /* TodoModelTests.swift in Sources */,
				715E534D2599AA73005A127A /* AddTodoModelReceiver.swift in Sources */,
				71062E9C2595AF7B00E655EE /* TodosTests.swift in Sources */,
				71062EAF259637EA00E655EE /* TodosModelReceiver.swift in Sources */,
				71062EA425961E7900E655EE /* MockUserDefaultsProvider.swift in Sources */,
				715E53532599AAE5005A127A /* AddTodoModelTests.swift in Sources */,
				7117867F25A2A51C0087031E /* TodoModelReceiver.swift in Sources */,
			);
			runOnlyForDeploymentPostprocessing = 0;
		};
/* End PBXSourcesBuildPhase section */

/* Begin PBXTargetDependency section */
		71062E932595AF4600E655EE /* PBXTargetDependency */ = {
			isa = PBXTargetDependency;
			target = 71062E4F2595A35B00E655EE /* LightTODO */;
			targetProxy = 71062E922595AF4600E655EE /* PBXContainerItemProxy */;
		};
/* End PBXTargetDependency section */

/* Begin PBXVariantGroup section */
		71062E5E2595A35D00E655EE /* LaunchScreen.storyboard */ = {
			isa = PBXVariantGroup;
			children = (
				71062E5F2595A35D00E655EE /* Base */,
			);
			name = LaunchScreen.storyboard;
			sourceTree = "<group>";
		};
/* End PBXVariantGroup section */

/* Begin XCBuildConfiguration section */
		71062E622595A35D00E655EE /* Debug */ = {
			isa = XCBuildConfiguration;
			buildSettings = {
				ALWAYS_SEARCH_USER_PATHS = NO;
				CLANG_ANALYZER_NONNULL = YES;
				CLANG_ANALYZER_NUMBER_OBJECT_CONVERSION = YES_AGGRESSIVE;
				CLANG_CXX_LANGUAGE_STANDARD = "gnu++14";
				CLANG_CXX_LIBRARY = "libc++";
				CLANG_ENABLE_MODULES = YES;
				CLANG_ENABLE_OBJC_ARC = YES;
				CLANG_ENABLE_OBJC_WEAK = YES;
				CLANG_WARN_BLOCK_CAPTURE_AUTORELEASING = YES;
				CLANG_WARN_BOOL_CONVERSION = YES;
				CLANG_WARN_COMMA = YES;
				CLANG_WARN_CONSTANT_CONVERSION = YES;
				CLANG_WARN_DEPRECATED_OBJC_IMPLEMENTATIONS = YES;
				CLANG_WARN_DIRECT_OBJC_ISA_USAGE = YES_ERROR;
				CLANG_WARN_DOCUMENTATION_COMMENTS = YES;
				CLANG_WARN_EMPTY_BODY = YES;
				CLANG_WARN_ENUM_CONVERSION = YES;
				CLANG_WARN_INFINITE_RECURSION = YES;
				CLANG_WARN_INT_CONVERSION = YES;
				CLANG_WARN_NON_LITERAL_NULL_CONVERSION = YES;
				CLANG_WARN_OBJC_IMPLICIT_RETAIN_SELF = YES;
				CLANG_WARN_OBJC_LITERAL_CONVERSION = YES;
				CLANG_WARN_OBJC_ROOT_CLASS = YES_ERROR;
				CLANG_WARN_QUOTED_INCLUDE_IN_FRAMEWORK_HEADER = YES;
				CLANG_WARN_RANGE_LOOP_ANALYSIS = YES;
				CLANG_WARN_STRICT_PROTOTYPES = YES;
				CLANG_WARN_SUSPICIOUS_MOVE = YES;
				CLANG_WARN_UNGUARDED_AVAILABILITY = YES_AGGRESSIVE;
				CLANG_WARN_UNREACHABLE_CODE = YES;
				CLANG_WARN__DUPLICATE_METHOD_MATCH = YES;
				COPY_PHASE_STRIP = NO;
				DEBUG_INFORMATION_FORMAT = dwarf;
				ENABLE_STRICT_OBJC_MSGSEND = YES;
				ENABLE_TESTABILITY = YES;
				GCC_C_LANGUAGE_STANDARD = gnu11;
				GCC_DYNAMIC_NO_PIC = NO;
				GCC_NO_COMMON_BLOCKS = YES;
				GCC_OPTIMIZATION_LEVEL = 0;
				GCC_PREPROCESSOR_DEFINITIONS = (
					"DEBUG=1",
					"$(inherited)",
				);
				GCC_WARN_64_TO_32_BIT_CONVERSION = YES;
				GCC_WARN_ABOUT_RETURN_TYPE = YES_ERROR;
				GCC_WARN_UNDECLARED_SELECTOR = YES;
				GCC_WARN_UNINITIALIZED_AUTOS = YES_AGGRESSIVE;
				GCC_WARN_UNUSED_FUNCTION = YES;
				GCC_WARN_UNUSED_VARIABLE = YES;
				IPHONEOS_DEPLOYMENT_TARGET = 14.1;
				MTL_ENABLE_DEBUG_INFO = INCLUDE_SOURCE;
				MTL_FAST_MATH = YES;
				ONLY_ACTIVE_ARCH = YES;
				SDKROOT = iphoneos;
				SWIFT_ACTIVE_COMPILATION_CONDITIONS = DEBUG;
				SWIFT_OPTIMIZATION_LEVEL = "-Onone";
			};
			name = Debug;
		};
		71062E632595A35D00E655EE /* Release */ = {
			isa = XCBuildConfiguration;
			buildSettings = {
				ALWAYS_SEARCH_USER_PATHS = NO;
				CLANG_ANALYZER_NONNULL = YES;
				CLANG_ANALYZER_NUMBER_OBJECT_CONVERSION = YES_AGGRESSIVE;
				CLANG_CXX_LANGUAGE_STANDARD = "gnu++14";
				CLANG_CXX_LIBRARY = "libc++";
				CLANG_ENABLE_MODULES = YES;
				CLANG_ENABLE_OBJC_ARC = YES;
				CLANG_ENABLE_OBJC_WEAK = YES;
				CLANG_WARN_BLOCK_CAPTURE_AUTORELEASING = YES;
				CLANG_WARN_BOOL_CONVERSION = YES;
				CLANG_WARN_COMMA = YES;
				CLANG_WARN_CONSTANT_CONVERSION = YES;
				CLANG_WARN_DEPRECATED_OBJC_IMPLEMENTATIONS = YES;
				CLANG_WARN_DIRECT_OBJC_ISA_USAGE = YES_ERROR;
				CLANG_WARN_DOCUMENTATION_COMMENTS = YES;
				CLANG_WARN_EMPTY_BODY = YES;
				CLANG_WARN_ENUM_CONVERSION = YES;
				CLANG_WARN_INFINITE_RECURSION = YES;
				CLANG_WARN_INT_CONVERSION = YES;
				CLANG_WARN_NON_LITERAL_NULL_CONVERSION = YES;
				CLANG_WARN_OBJC_IMPLICIT_RETAIN_SELF = YES;
				CLANG_WARN_OBJC_LITERAL_CONVERSION = YES;
				CLANG_WARN_OBJC_ROOT_CLASS = YES_ERROR;
				CLANG_WARN_QUOTED_INCLUDE_IN_FRAMEWORK_HEADER = YES;
				CLANG_WARN_RANGE_LOOP_ANALYSIS = YES;
				CLANG_WARN_STRICT_PROTOTYPES = YES;
				CLANG_WARN_SUSPICIOUS_MOVE = YES;
				CLANG_WARN_UNGUARDED_AVAILABILITY = YES_AGGRESSIVE;
				CLANG_WARN_UNREACHABLE_CODE = YES;
				CLANG_WARN__DUPLICATE_METHOD_MATCH = YES;
				COPY_PHASE_STRIP = NO;
				DEBUG_INFORMATION_FORMAT = "dwarf-with-dsym";
				ENABLE_NS_ASSERTIONS = NO;
				ENABLE_STRICT_OBJC_MSGSEND = YES;
				GCC_C_LANGUAGE_STANDARD = gnu11;
				GCC_NO_COMMON_BLOCKS = YES;
				GCC_WARN_64_TO_32_BIT_CONVERSION = YES;
				GCC_WARN_ABOUT_RETURN_TYPE = YES_ERROR;
				GCC_WARN_UNDECLARED_SELECTOR = YES;
				GCC_WARN_UNINITIALIZED_AUTOS = YES_AGGRESSIVE;
				GCC_WARN_UNUSED_FUNCTION = YES;
				GCC_WARN_UNUSED_VARIABLE = YES;
				IPHONEOS_DEPLOYMENT_TARGET = 14.1;
				MTL_ENABLE_DEBUG_INFO = NO;
				MTL_FAST_MATH = YES;
				SDKROOT = iphoneos;
				SWIFT_COMPILATION_MODE = wholemodule;
				SWIFT_OPTIMIZATION_LEVEL = "-O";
				VALIDATE_PRODUCT = YES;
			};
			name = Release;
		};
		71062E652595A35D00E655EE /* Debug */ = {
			isa = XCBuildConfiguration;
			buildSettings = {
				ASSETCATALOG_COMPILER_APPICON_NAME = AppIcon;
				ASSETCATALOG_COMPILER_GLOBAL_ACCENT_COLOR_NAME = AccentColor;
				CODE_SIGN_STYLE = Automatic;
				INFOPLIST_FILE = LightTODO/Info.plist;
				LD_RUNPATH_SEARCH_PATHS = (
					"$(inherited)",
					"@executable_path/Frameworks",
				);
				PRODUCT_BUNDLE_IDENTIFIER = ShunyaYamada.LightTODO;
				PRODUCT_NAME = "$(TARGET_NAME)";
				SWIFT_VERSION = 5.0;
				TARGETED_DEVICE_FAMILY = 1;
			};
			name = Debug;
		};
		71062E662595A35D00E655EE /* Release */ = {
			isa = XCBuildConfiguration;
			buildSettings = {
				ASSETCATALOG_COMPILER_APPICON_NAME = AppIcon;
				ASSETCATALOG_COMPILER_GLOBAL_ACCENT_COLOR_NAME = AccentColor;
				CODE_SIGN_STYLE = Automatic;
				INFOPLIST_FILE = LightTODO/Info.plist;
				LD_RUNPATH_SEARCH_PATHS = (
					"$(inherited)",
					"@executable_path/Frameworks",
				);
				PRODUCT_BUNDLE_IDENTIFIER = ShunyaYamada.LightTODO;
				PRODUCT_NAME = "$(TARGET_NAME)";
				SWIFT_VERSION = 5.0;
				TARGETED_DEVICE_FAMILY = 1;
			};
			name = Release;
		};
		71062E952595AF4600E655EE /* Debug */ = {
			isa = XCBuildConfiguration;
			buildSettings = {
				BUNDLE_LOADER = "$(TEST_HOST)";
				CODE_SIGN_STYLE = Automatic;
				INFOPLIST_FILE = LightTODOTests/Info.plist;
				LD_RUNPATH_SEARCH_PATHS = (
					"$(inherited)",
					"@executable_path/Frameworks",
					"@loader_path/Frameworks",
				);
				PRODUCT_BUNDLE_IDENTIFIER = ShunyaYamada.LightTODOTests;
				PRODUCT_NAME = "$(TARGET_NAME)";
				SWIFT_VERSION = 5.0;
				TARGETED_DEVICE_FAMILY = "1,2";
				TEST_HOST = "$(BUILT_PRODUCTS_DIR)/LightTODO.app/LightTODO";
			};
			name = Debug;
		};
		71062E962595AF4600E655EE /* Release */ = {
			isa = XCBuildConfiguration;
			buildSettings = {
				BUNDLE_LOADER = "$(TEST_HOST)";
				CODE_SIGN_STYLE = Automatic;
				INFOPLIST_FILE = LightTODOTests/Info.plist;
				LD_RUNPATH_SEARCH_PATHS = (
					"$(inherited)",
					"@executable_path/Frameworks",
					"@loader_path/Frameworks",
				);
				PRODUCT_BUNDLE_IDENTIFIER = ShunyaYamada.LightTODOTests;
				PRODUCT_NAME = "$(TARGET_NAME)";
				SWIFT_VERSION = 5.0;
				TARGETED_DEVICE_FAMILY = "1,2";
				TEST_HOST = "$(BUILT_PRODUCTS_DIR)/LightTODO.app/LightTODO";
			};
			name = Release;
		};
/* End XCBuildConfiguration section */

/* Begin XCConfigurationList section */
		71062E4B2595A35B00E655EE /* Build configuration list for PBXProject "LightTODO" */ = {
			isa = XCConfigurationList;
			buildConfigurations = (
				71062E622595A35D00E655EE /* Debug */,
				71062E632595A35D00E655EE /* Release */,
			);
			defaultConfigurationIsVisible = 0;
			defaultConfigurationName = Release;
		};
		71062E642595A35D00E655EE /* Build configuration list for PBXNativeTarget "LightTODO" */ = {
			isa = XCConfigurationList;
			buildConfigurations = (
				71062E652595A35D00E655EE /* Debug */,
				71062E662595A35D00E655EE /* Release */,
			);
			defaultConfigurationIsVisible = 0;
			defaultConfigurationName = Release;
		};
		71062E942595AF4600E655EE /* Build configuration list for PBXNativeTarget "LightTODOTests" */ = {
			isa = XCConfigurationList;
			buildConfigurations = (
				71062E952595AF4600E655EE /* Debug */,
				71062E962595AF4600E655EE /* Release */,
			);
			defaultConfigurationIsVisible = 0;
			defaultConfigurationName = Release;
		};
/* End XCConfigurationList section */

/* Begin XCRemoteSwiftPackageReference section */
		7117868925A2CD0D0087031E /* XCRemoteSwiftPackageReference "IQKeyboardManager" */ = {
			isa = XCRemoteSwiftPackageReference;
			repositoryURL = "https://github.com/hackiftekhar/IQKeyboardManager.git";
			requirement = {
				kind = upToNextMajorVersion;
				minimumVersion = 6.5.6;
			};
		};
/* End XCRemoteSwiftPackageReference section */

/* Begin XCSwiftPackageProductDependency section */
		7117868A25A2CD0D0087031E /* IQKeyboardManagerSwift */ = {
			isa = XCSwiftPackageProductDependency;
			package = 7117868925A2CD0D0087031E /* XCRemoteSwiftPackageReference "IQKeyboardManager" */;
			productName = IQKeyboardManagerSwift;
		};
/* End XCSwiftPackageProductDependency section */
	};
	rootObject = 71062E482595A35B00E655EE /* Project object */;
}
